// !$*UTF8*$!
{
	archiveVersion = 1;
	classes = {
	};
	objectVersion = 56;
	objects = {

/* Begin PBXBuildFile section */
		93827AC42B88F57B00325144 /* AppDelegate.swift in Sources */ = {isa = PBXBuildFile; fileRef = 93827AC32B88F57B00325144 /* AppDelegate.swift */; };
		93827AC62B88F57B00325144 /* GameScene.sks in Resources */ = {isa = PBXBuildFile; fileRef = 93827AC52B88F57B00325144 /* GameScene.sks */; };
		93827AC82B88F57B00325144 /* Actions.sks in Resources */ = {isa = PBXBuildFile; fileRef = 93827AC72B88F57B00325144 /* Actions.sks */; };
		93827ACA2B88F57B00325144 /* GameScene.swift in Sources */ = {isa = PBXBuildFile; fileRef = 93827AC92B88F57B00325144 /* GameScene.swift */; };
		93827ACC2B88F57B00325144 /* GameViewController.swift in Sources */ = {isa = PBXBuildFile; fileRef = 93827ACB2B88F57B00325144 /* GameViewController.swift */; };
		93827ACF2B88F57B00325144 /* Main.storyboard in Resources */ = {isa = PBXBuildFile; fileRef = 93827ACD2B88F57B00325144 /* Main.storyboard */; };
		93827AD12B88F57D00325144 /* Assets.xcassets in Resources */ = {isa = PBXBuildFile; fileRef = 93827AD02B88F57D00325144 /* Assets.xcassets */; };
		93827AD42B88F57D00325144 /* LaunchScreen.storyboard in Resources */ = {isa = PBXBuildFile; fileRef = 93827AD22B88F57D00325144 /* LaunchScreen.storyboard */; };
		93827ADE2B88F57D00325144 /* GeometryDashRemakeAppMokTests.swift in Sources */ = {isa = PBXBuildFile; fileRef = 93827ADD2B88F57D00325144 /* GeometryDashRemakeAppMokTests.swift */; };
		93827AE82B88F57D00325144 /* GeometryDashRemakeAppMokUITests.swift in Sources */ = {isa = PBXBuildFile; fileRef = 93827AE72B88F57D00325144 /* GeometryDashRemakeAppMokUITests.swift */; };
		93827AEA2B88F57D00325144 /* GeometryDashRemakeAppMokUITestsLaunchTests.swift in Sources */ = {isa = PBXBuildFile; fileRef = 93827AE92B88F57D00325144 /* GeometryDashRemakeAppMokUITestsLaunchTests.swift */; };
/* End PBXBuildFile section */

/* Begin PBXContainerItemProxy section */
		93827ADA2B88F57D00325144 /* PBXContainerItemProxy */ = {
			isa = PBXContainerItemProxy;
			containerPortal = 93827AB82B88F57B00325144 /* Project object */;
			proxyType = 1;
			remoteGlobalIDString = 93827ABF2B88F57B00325144;
			remoteInfo = GeometryDashRemakeAppMok;
		};
		93827AE42B88F57D00325144 /* PBXContainerItemProxy */ = {
			isa = PBXContainerItemProxy;
			containerPortal = 93827AB82B88F57B00325144 /* Project object */;
			proxyType = 1;
			remoteGlobalIDString = 93827ABF2B88F57B00325144;
			remoteInfo = GeometryDashRemakeAppMok;
		};
/* End PBXContainerItemProxy section */

/* Begin PBXFileReference section */
		93827AC02B88F57B00325144 /* GeometryDashRemakeAppMok.app */ = {isa = PBXFileReference; explicitFileType = wrapper.application; includeInIndex = 0; path = GeometryDashRemakeAppMok.app; sourceTree = BUILT_PRODUCTS_DIR; };
		93827AC32B88F57B00325144 /* AppDelegate.swift */ = {isa = PBXFileReference; lastKnownFileType = sourcecode.swift; path = AppDelegate.swift; sourceTree = "<group>"; };
		93827AC52B88F57B00325144 /* GameScene.sks */ = {isa = PBXFileReference; lastKnownFileType = file.sks; path = GameScene.sks; sourceTree = "<group>"; };
		93827AC72B88F57B00325144 /* Actions.sks */ = {isa = PBXFileReference; lastKnownFileType = file.sks; path = Actions.sks; sourceTree = "<group>"; };
		93827AC92B88F57B00325144 /* GameScene.swift */ = {isa = PBXFileReference; lastKnownFileType = sourcecode.swift; path = GameScene.swift; sourceTree = "<group>"; };
		93827ACB2B88F57B00325144 /* GameViewController.swift */ = {isa = PBXFileReference; lastKnownFileType = sourcecode.swift; path = GameViewController.swift; sourceTree = "<group>"; };
		93827ACE2B88F57B00325144 /* Base */ = {isa = PBXFileReference; lastKnownFileType = file.storyboard; name = Base; path = Base.lproj/Main.storyboard; sourceTree = "<group>"; };
		93827AD02B88F57D00325144 /* Assets.xcassets */ = {isa = PBXFileReference; lastKnownFileType = folder.assetcatalog; path = Assets.xcassets; sourceTree = "<group>"; };
		93827AD32B88F57D00325144 /* Base */ = {isa = PBXFileReference; lastKnownFileType = file.storyboard; name = Base; path = Base.lproj/LaunchScreen.storyboard; sourceTree = "<group>"; };
		93827AD92B88F57D00325144 /* GeometryDashRemakeAppMokTests.xctest */ = {isa = PBXFileReference; explicitFileType = wrapper.cfbundle; includeInIndex = 0; path = GeometryDashRemakeAppMokTests.xctest; sourceTree = BUILT_PRODUCTS_DIR; };
		93827ADD2B88F57D00325144 /* GeometryDashRemakeAppMokTests.swift */ = {isa = PBXFileReference; lastKnownFileType = sourcecode.swift; path = GeometryDashRemakeAppMokTests.swift; sourceTree = "<group>"; };
		93827AE32B88F57D00325144 /* GeometryDashRemakeAppMokUITests.xctest */ = {isa = PBXFileReference; explicitFileType = wrapper.cfbundle; includeInIndex = 0; path = GeometryDashRemakeAppMokUITests.xctest; sourceTree = BUILT_PRODUCTS_DIR; };
		93827AE72B88F57D00325144 /* GeometryDashRemakeAppMokUITests.swift */ = {isa = PBXFileReference; lastKnownFileType = sourcecode.swift; path = GeometryDashRemakeAppMokUITests.swift; sourceTree = "<group>"; };
		93827AE92B88F57D00325144 /* GeometryDashRemakeAppMokUITestsLaunchTests.swift */ = {isa = PBXFileReference; lastKnownFileType = sourcecode.swift; path = GeometryDashRemakeAppMokUITestsLaunchTests.swift; sourceTree = "<group>"; };
/* End PBXFileReference section */

/* Begin PBXFrameworksBuildPhase section */
		93827ABD2B88F57B00325144 /* Frameworks */ = {
			isa = PBXFrameworksBuildPhase;
			buildActionMask = 2147483647;
			files = (
			);
			runOnlyForDeploymentPostprocessing = 0;
		};
		93827AD62B88F57D00325144 /* Frameworks */ = {
			isa = PBXFrameworksBuildPhase;
			buildActionMask = 2147483647;
			files = (
			);
			runOnlyForDeploymentPostprocessing = 0;
		};
		93827AE02B88F57D00325144 /* Frameworks */ = {
			isa = PBXFrameworksBuildPhase;
			buildActionMask = 2147483647;
			files = (
			);
			runOnlyForDeploymentPostprocessing = 0;
		};
/* End PBXFrameworksBuildPhase section */

/* Begin PBXGroup section */
		93827AB72B88F57B00325144 = {
			isa = PBXGroup;
			children = (
				93827AC22B88F57B00325144 /* GeometryDashRemakeAppMok */,
				93827ADC2B88F57D00325144 /* GeometryDashRemakeAppMokTests */,
				93827AE62B88F57D00325144 /* GeometryDashRemakeAppMokUITests */,
				93827AC12B88F57B00325144 /* Products */,
			);
			sourceTree = "<group>";
		};
		93827AC12B88F57B00325144 /* Products */ = {
			isa = PBXGroup;
			children = (
				93827AC02B88F57B00325144 /* GeometryDashRemakeAppMok.app */,
				93827AD92B88F57D00325144 /* GeometryDashRemakeAppMokTests.xctest */,
				93827AE32B88F57D00325144 /* GeometryDashRemakeAppMokUITests.xctest */,
			);
			name = Products;
			sourceTree = "<group>";
		};
		93827AC22B88F57B00325144 /* GeometryDashRemakeAppMok */ = {
			isa = PBXGroup;
			children = (
				93827AC32B88F57B00325144 /* AppDelegate.swift */,
				93827AC52B88F57B00325144 /* GameScene.sks */,
				93827AC72B88F57B00325144 /* Actions.sks */,
				93827AC92B88F57B00325144 /* GameScene.swift */,
				93827ACB2B88F57B00325144 /* GameViewController.swift */,
				93827ACD2B88F57B00325144 /* Main.storyboard */,
				93827AD02B88F57D00325144 /* Assets.xcassets */,
				93827AD22B88F57D00325144 /* LaunchScreen.storyboard */,
			);
			path = GeometryDashRemakeAppMok;
			sourceTree = "<group>";
		};
		93827ADC2B88F57D00325144 /* GeometryDashRemakeAppMokTests */ = {
			isa = PBXGroup;
			children = (
				93827ADD2B88F57D00325144 /* GeometryDashRemakeAppMokTests.swift */,
			);
			path = GeometryDashRemakeAppMokTests;
			sourceTree = "<group>";
		};
		93827AE62B88F57D00325144 /* GeometryDashRemakeAppMokUITests */ = {
			isa = PBXGroup;
			children = (
				93827AE72B88F57D00325144 /* GeometryDashRemakeAppMokUITests.swift */,
				93827AE92B88F57D00325144 /* GeometryDashRemakeAppMokUITestsLaunchTests.swift */,
			);
			path = GeometryDashRemakeAppMokUITests;
			sourceTree = "<group>";
		};
/* End PBXGroup section */

/* Begin PBXNativeTarget section */
		93827ABF2B88F57B00325144 /* GeometryDashRemakeAppMok */ = {
			isa = PBXNativeTarget;
			buildConfigurationList = 93827AED2B88F57D00325144 /* Build configuration list for PBXNativeTarget "GeometryDashRemakeAppMok" */;
			buildPhases = (
				93827ABC2B88F57B00325144 /* Sources */,
				93827ABD2B88F57B00325144 /* Frameworks */,
				93827ABE2B88F57B00325144 /* Resources */,
			);
			buildRules = (
			);
			dependencies = (
			);
			name = GeometryDashRemakeAppMok;
			productName = GeometryDashRemakeAppMok;
			productReference = 93827AC02B88F57B00325144 /* GeometryDashRemakeAppMok.app */;
			productType = "com.apple.product-type.application";
		};
		93827AD82B88F57D00325144 /* GeometryDashRemakeAppMokTests */ = {
			isa = PBXNativeTarget;
			buildConfigurationList = 93827AF02B88F57D00325144 /* Build configuration list for PBXNativeTarget "GeometryDashRemakeAppMokTests" */;
			buildPhases = (
				93827AD52B88F57D00325144 /* Sources */,
				93827AD62B88F57D00325144 /* Frameworks */,
				93827AD72B88F57D00325144 /* Resources */,
			);
			buildRules = (
			);
			dependencies = (
				93827ADB2B88F57D00325144 /* PBXTargetDependency */,
			);
			name = GeometryDashRemakeAppMokTests;
			productName = GeometryDashRemakeAppMokTests;
			productReference = 93827AD92B88F57D00325144 /* GeometryDashRemakeAppMokTests.xctest */;
			productType = "com.apple.product-type.bundle.unit-test";
		};
		93827AE22B88F57D00325144 /* GeometryDashRemakeAppMokUITests */ = {
			isa = PBXNativeTarget;
			buildConfigurationList = 93827AF32B88F57D00325144 /* Build configuration list for PBXNativeTarget "GeometryDashRemakeAppMokUITests" */;
			buildPhases = (
				93827ADF2B88F57D00325144 /* Sources */,
				93827AE02B88F57D00325144 /* Frameworks */,
				93827AE12B88F57D00325144 /* Resources */,
			);
			buildRules = (
			);
			dependencies = (
				93827AE52B88F57D00325144 /* PBXTargetDependency */,
			);
			name = GeometryDashRemakeAppMokUITests;
			productName = GeometryDashRemakeAppMokUITests;
			productReference = 93827AE32B88F57D00325144 /* GeometryDashRemakeAppMokUITests.xctest */;
			productType = "com.apple.product-type.bundle.ui-testing";
		};
/* End PBXNativeTarget section */

/* Begin PBXProject section */
		93827AB82B88F57B00325144 /* Project object */ = {
			isa = PBXProject;
			attributes = {
				BuildIndependentTargetsInParallel = 1;
				LastSwiftUpdateCheck = 1510;
				LastUpgradeCheck = 1510;
				TargetAttributes = {
					93827ABF2B88F57B00325144 = {
						CreatedOnToolsVersion = 15.1;
					};
					93827AD82B88F57D00325144 = {
						CreatedOnToolsVersion = 15.1;
						TestTargetID = 93827ABF2B88F57B00325144;
					};
					93827AE22B88F57D00325144 = {
						CreatedOnToolsVersion = 15.1;
						TestTargetID = 93827ABF2B88F57B00325144;
					};
				};
			};
			buildConfigurationList = 93827ABB2B88F57B00325144 /* Build configuration list for PBXProject "GeometryDashRemakeAppMok" */;
			compatibilityVersion = "Xcode 14.0";
			developmentRegion = en;
			hasScannedForEncodings = 0;
			knownRegions = (
				en,
				Base,
			);
			mainGroup = 93827AB72B88F57B00325144;
			productRefGroup = 93827AC12B88F57B00325144 /* Products */;
			projectDirPath = "";
			projectRoot = "";
			targets = (
				93827ABF2B88F57B00325144 /* GeometryDashRemakeAppMok */,
				93827AD82B88F57D00325144 /* GeometryDashRemakeAppMokTests */,
				93827AE22B88F57D00325144 /* GeometryDashRemakeAppMokUITests */,
			);
		};
/* End PBXProject section */

/* Begin PBXResourcesBuildPhase section */
		93827ABE2B88F57B00325144 /* Resources */ = {
			isa = PBXResourcesBuildPhase;
			buildActionMask = 2147483647;
			files = (
				93827ACF2B88F57B00325144 /* Main.storyboard in Resources */,
				93827AC62B88F57B00325144 /* GameScene.sks in Resources */,
				93827AD12B88F57D00325144 /* Assets.xcassets in Resources */,
				93827AD42B88F57D00325144 /* LaunchScreen.storyboard in Resources */,
				93827AC82B88F57B00325144 /* Actions.sks in Resources */,
			);
			runOnlyForDeploymentPostprocessing = 0;
		};
		93827AD72B88F57D00325144 /* Resources */ = {
			isa = PBXResourcesBuildPhase;
			buildActionMask = 2147483647;
			files = (
			);
			runOnlyForDeploymentPostprocessing = 0;
		};
		93827AE12B88F57D00325144 /* Resources */ = {
			isa = PBXResourcesBuildPhase;
			buildActionMask = 2147483647;
			files = (
			);
			runOnlyForDeploymentPostprocessing = 0;
		};
/* End PBXResourcesBuildPhase section */

/* Begin PBXSourcesBuildPhase section */
		93827ABC2B88F57B00325144 /* Sources */ = {
			isa = PBXSourcesBuildPhase;
			buildActionMask = 2147483647;
			files = (
				93827ACA2B88F57B00325144 /* GameScene.swift in Sources */,
				93827ACC2B88F57B00325144 /* GameViewController.swift in Sources */,
				93827AC42B88F57B00325144 /* AppDelegate.swift in Sources */,
			);
			runOnlyForDeploymentPostprocessing = 0;
		};
		93827AD52B88F57D00325144 /* Sources */ = {
			isa = PBXSourcesBuildPhase;
			buildActionMask = 2147483647;
			files = (
				93827ADE2B88F57D00325144 /* GeometryDashRemakeAppMokTests.swift in Sources */,
			);
			runOnlyForDeploymentPostprocessing = 0;
		};
		93827ADF2B88F57D00325144 /* Sources */ = {
			isa = PBXSourcesBuildPhase;
			buildActionMask = 2147483647;
			files = (
				93827AE82B88F57D00325144 /* GeometryDashRemakeAppMokUITests.swift in Sources */,
				93827AEA2B88F57D00325144 /* GeometryDashRemakeAppMokUITestsLaunchTests.swift in Sources */,
			);
			runOnlyForDeploymentPostprocessing = 0;
		};
/* End PBXSourcesBuildPhase section */

/* Begin PBXTargetDependency section */
		93827ADB2B88F57D00325144 /* PBXTargetDependency */ = {
			isa = PBXTargetDependency;
			target = 93827ABF2B88F57B00325144 /* GeometryDashRemakeAppMok */;
			targetProxy = 93827ADA2B88F57D00325144 /* PBXContainerItemProxy */;
		};
		93827AE52B88F57D00325144 /* PBXTargetDependency */ = {
			isa = PBXTargetDependency;
			target = 93827ABF2B88F57B00325144 /* GeometryDashRemakeAppMok */;
			targetProxy = 93827AE42B88F57D00325144 /* PBXContainerItemProxy */;
		};
/* End PBXTargetDependency section */

/* Begin PBXVariantGroup section */
		93827ACD2B88F57B00325144 /* Main.storyboard */ = {
			isa = PBXVariantGroup;
			children = (
				93827ACE2B88F57B00325144 /* Base */,
			);
			name = Main.storyboard;
			sourceTree = "<group>";
		};
		93827AD22B88F57D00325144 /* LaunchScreen.storyboard */ = {
			isa = PBXVariantGroup;
			children = (
				93827AD32B88F57D00325144 /* Base */,
			);
			name = LaunchScreen.storyboard;
			sourceTree = "<group>";
		};
/* End PBXVariantGroup section */

/* Begin XCBuildConfiguration section */
		93827AEB2B88F57D00325144 /* Debug */ = {
			isa = XCBuildConfiguration;
			buildSettings = {
				ALWAYS_SEARCH_USER_PATHS = NO;
				ASSETCATALOG_COMPILER_GENERATE_SWIFT_ASSET_SYMBOL_EXTENSIONS = YES;
				CLANG_ANALYZER_NONNULL = YES;
				CLANG_ANALYZER_NUMBER_OBJECT_CONVERSION = YES_AGGRESSIVE;
				CLANG_CXX_LANGUAGE_STANDARD = "gnu++20";
				CLANG_ENABLE_MODULES = YES;
				CLANG_ENABLE_OBJC_ARC = YES;
				CLANG_ENABLE_OBJC_WEAK = YES;
				CLANG_WARN_BLOCK_CAPTURE_AUTORELEASING = YES;
				CLANG_WARN_BOOL_CONVERSION = YES;
				CLANG_WARN_COMMA = YES;
				CLANG_WARN_CONSTANT_CONVERSION = YES;
				CLANG_WARN_DEPRECATED_OBJC_IMPLEMENTATIONS = YES;
				CLANG_WARN_DIRECT_OBJC_ISA_USAGE = YES_ERROR;
				CLANG_WARN_DOCUMENTATION_COMMENTS = YES;
				CLANG_WARN_EMPTY_BODY = YES;
				CLANG_WARN_ENUM_CONVERSION = YES;
				CLANG_WARN_INFINITE_RECURSION = YES;
				CLANG_WARN_INT_CONVERSION = YES;
				CLANG_WARN_NON_LITERAL_NULL_CONVERSION = YES;
				CLANG_WARN_OBJC_IMPLICIT_RETAIN_SELF = YES;
				CLANG_WARN_OBJC_LITERAL_CONVERSION = YES;
				CLANG_WARN_OBJC_ROOT_CLASS = YES_ERROR;
				CLANG_WARN_QUOTED_INCLUDE_IN_FRAMEWORK_HEADER = YES;
				CLANG_WARN_RANGE_LOOP_ANALYSIS = YES;
				CLANG_WARN_STRICT_PROTOTYPES = YES;
				CLANG_WARN_SUSPICIOUS_MOVE = YES;
				CLANG_WARN_UNGUARDED_AVAILABILITY = YES_AGGRESSIVE;
				CLANG_WARN_UNREACHABLE_CODE = YES;
				CLANG_WARN__DUPLICATE_METHOD_MATCH = YES;
				COPY_PHASE_STRIP = NO;
				DEBUG_INFORMATION_FORMAT = dwarf;
				ENABLE_STRICT_OBJC_MSGSEND = YES;
				ENABLE_TESTABILITY = YES;
				ENABLE_USER_SCRIPT_SANDBOXING = YES;
				GCC_C_LANGUAGE_STANDARD = gnu17;
				GCC_DYNAMIC_NO_PIC = NO;
				GCC_NO_COMMON_BLOCKS = YES;
				GCC_OPTIMIZATION_LEVEL = 0;
				GCC_PREPROCESSOR_DEFINITIONS = (
					"DEBUG=1",
					"$(inherited)",
				);
				GCC_WARN_64_TO_32_BIT_CONVERSION = YES;
				GCC_WARN_ABOUT_RETURN_TYPE = YES_ERROR;
				GCC_WARN_UNDECLARED_SELECTOR = YES;
				GCC_WARN_UNINITIALIZED_AUTOS = YES_AGGRESSIVE;
				GCC_WARN_UNUSED_FUNCTION = YES;
				GCC_WARN_UNUSED_VARIABLE = YES;
				IPHONEOS_DEPLOYMENT_TARGET = 17.2;
				LOCALIZATION_PREFERS_STRING_CATALOGS = YES;
				MTL_ENABLE_DEBUG_INFO = INCLUDE_SOURCE;
				MTL_FAST_MATH = YES;
				ONLY_ACTIVE_ARCH = YES;
				SDKROOT = iphoneos;
				SWIFT_ACTIVE_COMPILATION_CONDITIONS = "DEBUG $(inherited)";
				SWIFT_OPTIMIZATION_LEVEL = "-Onone";
			};
			name = Debug;
		};
		93827AEC2B88F57D00325144 /* Release */ = {
			isa = XCBuildConfiguration;
			buildSettings = {
				ALWAYS_SEARCH_USER_PATHS = NO;
				ASSETCATALOG_COMPILER_GENERATE_SWIFT_ASSET_SYMBOL_EXTENSIONS = YES;
				CLANG_ANALYZER_NONNULL = YES;
				CLANG_ANALYZER_NUMBER_OBJECT_CONVERSION = YES_AGGRESSIVE;
				CLANG_CXX_LANGUAGE_STANDARD = "gnu++20";
				CLANG_ENABLE_MODULES = YES;
				CLANG_ENABLE_OBJC_ARC = YES;
				CLANG_ENABLE_OBJC_WEAK = YES;
				CLANG_WARN_BLOCK_CAPTURE_AUTORELEASING = YES;
				CLANG_WARN_BOOL_CONVERSION = YES;
				CLANG_WARN_COMMA = YES;
				CLANG_WARN_CONSTANT_CONVERSION = YES;
				CLANG_WARN_DEPRECATED_OBJC_IMPLEMENTATIONS = YES;
				CLANG_WARN_DIRECT_OBJC_ISA_USAGE = YES_ERROR;
				CLANG_WARN_DOCUMENTATION_COMMENTS = YES;
				CLANG_WARN_EMPTY_BODY = YES;
				CLANG_WARN_ENUM_CONVERSION = YES;
				CLANG_WARN_INFINITE_RECURSION = YES;
				CLANG_WARN_INT_CONVERSION = YES;
				CLANG_WARN_NON_LITERAL_NULL_CONVERSION = YES;
				CLANG_WARN_OBJC_IMPLICIT_RETAIN_SELF = YES;
				CLANG_WARN_OBJC_LITERAL_CONVERSION = YES;
				CLANG_WARN_OBJC_ROOT_CLASS = YES_ERROR;
				CLANG_WARN_QUOTED_INCLUDE_IN_FRAMEWORK_HEADER = YES;
				CLANG_WARN_RANGE_LOOP_ANALYSIS = YES;
				CLANG_WARN_STRICT_PROTOTYPES = YES;
				CLANG_WARN_SUSPICIOUS_MOVE = YES;
				CLANG_WARN_UNGUARDED_AVAILABILITY = YES_AGGRESSIVE;
				CLANG_WARN_UNREACHABLE_CODE = YES;
				CLANG_WARN__DUPLICATE_METHOD_MATCH = YES;
				COPY_PHASE_STRIP = NO;
				DEBUG_INFORMATION_FORMAT = "dwarf-with-dsym";
				ENABLE_NS_ASSERTIONS = NO;
				ENABLE_STRICT_OBJC_MSGSEND = YES;
				ENABLE_USER_SCRIPT_SANDBOXING = YES;
				GCC_C_LANGUAGE_STANDARD = gnu17;
				GCC_NO_COMMON_BLOCKS = YES;
				GCC_WARN_64_TO_32_BIT_CONVERSION = YES;
				GCC_WARN_ABOUT_RETURN_TYPE = YES_ERROR;
				GCC_WARN_UNDECLARED_SELECTOR = YES;
				GCC_WARN_UNINITIALIZED_AUTOS = YES_AGGRESSIVE;
				GCC_WARN_UNUSED_FUNCTION = YES;
				GCC_WARN_UNUSED_VARIABLE = YES;
				IPHONEOS_DEPLOYMENT_TARGET = 17.2;
				LOCALIZATION_PREFERS_STRING_CATALOGS = YES;
				MTL_ENABLE_DEBUG_INFO = NO;
				MTL_FAST_MATH = YES;
				SDKROOT = iphoneos;
				SWIFT_COMPILATION_MODE = wholemodule;
				VALIDATE_PRODUCT = YES;
			};
			name = Release;
		};
		93827AEE2B88F57D00325144 /* Debug */ = {
			isa = XCBuildConfiguration;
			buildSettings = {
				ASSETCATALOG_COMPILER_APPICON_NAME = AppIcon;
				ASSETCATALOG_COMPILER_GLOBAL_ACCENT_COLOR_NAME = AccentColor;
				CODE_SIGN_STYLE = Automatic;
				CURRENT_PROJECT_VERSION = 1;
				DEVELOPMENT_TEAM = LSJVRC9H6H;
				GENERATE_INFOPLIST_FILE = YES;
				INFOPLIST_KEY_UIApplicationSupportsIndirectInputEvents = YES;
				INFOPLIST_KEY_UILaunchStoryboardName = LaunchScreen;
				INFOPLIST_KEY_UIMainStoryboardFile = Main;
				INFOPLIST_KEY_UIStatusBarHidden = YES;
				INFOPLIST_KEY_UISupportedInterfaceOrientations_iPad = "UIInterfaceOrientationPortrait UIInterfaceOrientationPortraitUpsideDown UIInterfaceOrientationLandscapeLeft UIInterfaceOrientationLandscapeRight";
				INFOPLIST_KEY_UISupportedInterfaceOrientations_iPhone = "UIInterfaceOrientationPortrait UIInterfaceOrientationLandscapeLeft UIInterfaceOrientationLandscapeRight";
				LD_RUNPATH_SEARCH_PATHS = (
					"$(inherited)",
					"@executable_path/Frameworks",
				);
				MARKETING_VERSION = 1.0;
				PRODUCT_BUNDLE_IDENTIFIER = clc.GeometryDashRemakeAppMok;
				PRODUCT_NAME = "$(TARGET_NAME)";
				SWIFT_EMIT_LOC_STRINGS = YES;
				SWIFT_VERSION = 5.0;
				TARGETED_DEVICE_FAMILY = "1,2";
			};
			name = Debug;
		};
		93827AEF2B88F57D00325144 /* Release */ = {
			isa = XCBuildConfiguration;
			buildSettings = {
				ASSETCATALOG_COMPILER_APPICON_NAME = AppIcon;
				ASSETCATALOG_COMPILER_GLOBAL_ACCENT_COLOR_NAME = AccentColor;
				CODE_SIGN_STYLE = Automatic;
				CURRENT_PROJECT_VERSION = 1;
				DEVELOPMENT_TEAM = LSJVRC9H6H;
				GENERATE_INFOPLIST_FILE = YES;
				INFOPLIST_KEY_UIApplicationSupportsIndirectInputEvents = YES;
				INFOPLIST_KEY_UILaunchStoryboardName = LaunchScreen;
				INFOPLIST_KEY_UIMainStoryboardFile = Main;
				INFOPLIST_KEY_UIStatusBarHidden = YES;
				INFOPLIST_KEY_UISupportedInterfaceOrientations_iPad = "UIInterfaceOrientationPortrait UIInterfaceOrientationPortraitUpsideDown UIInterfaceOrientationLandscapeLeft UIInterfaceOrientationLandscapeRight";
				INFOPLIST_KEY_UISupportedInterfaceOrientations_iPhone = "UIInterfaceOrientationPortrait UIInterfaceOrientationLandscapeLeft UIInterfaceOrientationLandscapeRight";
				LD_RUNPATH_SEARCH_PATHS = (
					"$(inherited)",
					"@executable_path/Frameworks",
				);
				MARKETING_VERSION = 1.0;
				PRODUCT_BUNDLE_IDENTIFIER = clc.GeometryDashRemakeAppMok;
				PRODUCT_NAME = "$(TARGET_NAME)";
				SWIFT_EMIT_LOC_STRINGS = YES;
				SWIFT_VERSION = 5.0;
				TARGETED_DEVICE_FAMILY = "1,2";
			};
			name = Release;
		};
		93827AF12B88F57D00325144 /* Debug */ = {
			isa = XCBuildConfiguration;
			buildSettings = {
				ALWAYS_EMBED_SWIFT_STANDARD_LIBRARIES = YES;
				BUNDLE_LOADER = "$(TEST_HOST)";
				CODE_SIGN_STYLE = Automatic;
				CURRENT_PROJECT_VERSION = 1;
				DEVELOPMENT_TEAM = LSJVRC9H6H;
				GENERATE_INFOPLIST_FILE = YES;
				IPHONEOS_DEPLOYMENT_TARGET = 17.2;
				MARKETING_VERSION = 1.0;
				PRODUCT_BUNDLE_IDENTIFIER = clc.GeometryDashRemakeAppMokTests;
				PRODUCT_NAME = "$(TARGET_NAME)";
				SWIFT_EMIT_LOC_STRINGS = NO;
				SWIFT_VERSION = 5.0;
				TARGETED_DEVICE_FAMILY = "1,2";
				TEST_HOST = "$(BUILT_PRODUCTS_DIR)/GeometryDashRemakeAppMok.app/$(BUNDLE_EXECUTABLE_FOLDER_PATH)/GeometryDashRemakeAppMok";
			};
			name = Debug;
		};
		93827AF22B88F57D00325144 /* Release */ = {
			isa = XCBuildConfiguration;
			buildSettings = {
				ALWAYS_EMBED_SWIFT_STANDARD_LIBRARIES = YES;
				BUNDLE_LOADER = "$(TEST_HOST)";
				CODE_SIGN_STYLE = Automatic;
				CURRENT_PROJECT_VERSION = 1;
				DEVELOPMENT_TEAM = LSJVRC9H6H;
				GENERATE_INFOPLIST_FILE = YES;
				IPHONEOS_DEPLOYMENT_TARGET = 17.2;
				MARKETING_VERSION = 1.0;
				PRODUCT_BUNDLE_IDENTIFIER = clc.GeometryDashRemakeAppMokTests;
				PRODUCT_NAME = "$(TARGET_NAME)";
				SWIFT_EMIT_LOC_STRINGS = NO;
				SWIFT_VERSION = 5.0;
				TARGETED_DEVICE_FAMILY = "1,2";
				TEST_HOST = "$(BUILT_PRODUCTS_DIR)/GeometryDashRemakeAppMok.app/$(BUNDLE_EXECUTABLE_FOLDER_PATH)/GeometryDashRemakeAppMok";
			};
			name = Release;
		};
		93827AF42B88F57D00325144 /* Debug */ = {
			isa = XCBuildConfiguration;
			buildSettings = {
				ALWAYS_EMBED_SWIFT_STANDARD_LIBRARIES = YES;
				CODE_SIGN_STYLE = Automatic;
				CURRENT_PROJECT_VERSION = 1;
				DEVELOPMENT_TEAM = LSJVRC9H6H;
				GENERATE_INFOPLIST_FILE = YES;
				MARKETING_VERSION = 1.0;
				PRODUCT_BUNDLE_IDENTIFIER = clc.GeometryDashRemakeAppMokUITests;
				PRODUCT_NAME = "$(TARGET_NAME)";
				SWIFT_EMIT_LOC_STRINGS = NO;
				SWIFT_VERSION = 5.0;
				TARGETED_DEVICE_FAMILY = "1,2";
				TEST_TARGET_NAME = GeometryDashRemakeAppMok;
			};
			name = Debug;
		};
		93827AF52B88F57D00325144 /* Release */ = {
			isa = XCBuildConfiguration;
			buildSettings = {
				ALWAYS_EMBED_SWIFT_STANDARD_LIBRARIES = YES;
				CODE_SIGN_STYLE = Automatic;
				CURRENT_PROJECT_VERSION = 1;
				DEVELOPMENT_TEAM = LSJVRC9H6H;
				GENERATE_INFOPLIST_FILE = YES;
				MARKETING_VERSION = 1.0;
				PRODUCT_BUNDLE_IDENTIFIER = clc.GeometryDashRemakeAppMokUITests;
				PRODUCT_NAME = "$(TARGET_NAME)";
				SWIFT_EMIT_LOC_STRINGS = NO;
				SWIFT_VERSION = 5.0;
				TARGETED_DEVICE_FAMILY = "1,2";
				TEST_TARGET_NAME = GeometryDashRemakeAppMok;
			};
			name = Release;
		};
/* End XCBuildConfiguration section */

/* Begin XCConfigurationList section */
		93827ABB2B88F57B00325144 /* Build configuration list for PBXProject "GeometryDashRemakeAppMok" */ = {
			isa = XCConfigurationList;
			buildConfigurations = (
				93827AEB2B88F57D00325144 /* Debug */,
				93827AEC2B88F57D00325144 /* Release */,
			);
			defaultConfigurationIsVisible = 0;
			defaultConfigurationName = Release;
		};
		93827AED2B88F57D00325144 /* Build configuration list for PBXNativeTarget "GeometryDashRemakeAppMok" */ = {
			isa = XCConfigurationList;
			buildConfigurations = (
				93827AEE2B88F57D00325144 /* Debug */,
				93827AEF2B88F57D00325144 /* Release */,
			);
			defaultConfigurationIsVisible = 0;
			defaultConfigurationName = Release;
		};
		93827AF02B88F57D00325144 /* Build configuration list for PBXNativeTarget "GeometryDashRemakeAppMokTests" */ = {
			isa = XCConfigurationList;
			buildConfigurations = (
				93827AF12B88F57D00325144 /* Debug */,
				93827AF22B88F57D00325144 /* Release */,
			);
			defaultConfigurationIsVisible = 0;
			defaultConfigurationName = Release;
		};
		93827AF32B88F57D00325144 /* Build configuration list for PBXNativeTarget "GeometryDashRemakeAppMokUITests" */ = {
			isa = XCConfigurationList;
			buildConfigurations = (
				93827AF42B88F57D00325144 /* Debug */,
				93827AF52B88F57D00325144 /* Release */,
			);
			defaultConfigurationIsVisible = 0;
			defaultConfigurationName = Release;
		};
/* End XCConfigurationList section */
	};
	rootObject = 93827AB82B88F57B00325144 /* Project object */;
}
